
Microsoft Visual Studio Solution File, Format Version 12.00
# Visual Studio 15
VisualStudioVersion = 15.0.28307.106
MinimumVisualStudioVersion = 10.0.40219.1
Project("{FAE04EC0-301F-11D3-BF4B-00C04F79EFBC}") = "SmartWait", "SmartWait\SmartWait.csproj", "{4E51CCD4-EA7F-4019-B2A1-146896F488D7}"
EndProject
Project("{FAE04EC0-301F-11D3-BF4B-00C04F79EFBC}") = "SmartWait.Tests", "SmartWait.Tests\SmartWait.Tests.csproj", "{00D50169-F46B-4F59-9241-8217812BF02E}"
EndProject
Global
	GlobalSection(SolutionConfigurationPlatforms) = preSolution
		Debug|Any CPU = Debug|Any CPU
		Release|Any CPU = Release|Any CPU
	EndGlobalSection
	GlobalSection(ProjectConfigurationPlatforms) = postSolution
		{4E51CCD4-EA7F-4019-B2A1-146896F488D7}.Debug|Any CPU.ActiveCfg = Debug|Any CPU
		{4E51CCD4-EA7F-4019-B2A1-146896F488D7}.Debug|Any CPU.Build.0 = Debug|Any CPU
		{4E51CCD4-EA7F-4019-B2A1-146896F488D7}.Release|Any CPU.ActiveCfg = Release|Any CPU
		{4E51CCD4-EA7F-4019-B2A1-146896F488D7}.Release|Any CPU.Build.0 = Release|Any CPU
		{00D50169-F46B-4F59-9241-8217812BF02E}.Debug|Any CPU.ActiveCfg = Debug|Any CPU
		{00D50169-F46B-4F59-9241-8217812BF02E}.Debug|Any CPU.Build.0 = Debug|Any CPU
		{00D50169-F46B-4F59-9241-8217812BF02E}.Release|Any CPU.ActiveCfg = Release|Any CPU
		{00D50169-F46B-4F59-9241-8217812BF02E}.Release|Any CPU.Build.0 = Release|Any CPU
	EndGlobalSection
	GlobalSection(SolutionProperties) = preSolution
		HideSolutionNode = FALSE
	EndGlobalSection
	GlobalSection(ExtensibilityGlobals) = postSolution
		SolutionGuid = {D27C700D-D763-4604-A81F-0F1A78A18219}
	EndGlobalSection
EndGlobal
